// !$*UTF8*$!
{
	archiveVersion = 1;
	classes = {
	};
	objectVersion = 46;
	objects = {

/* Begin PBXBuildFile section */
		9C20C6B41EE8F62B009E318A /* CoreDataCollectionViewController.swift in Sources */ = {isa = PBXBuildFile; fileRef = 9C20C6B31EE8F62B009E318A /* CoreDataCollectionViewController.swift */; };
		9C54A4AF1EE4BC30006B6CD8 /* PicturesCollectionViewController.swift in Sources */ = {isa = PBXBuildFile; fileRef = 9C54A4AE1EE4BC30006B6CD8 /* PicturesCollectionViewController.swift */; };
		9C54A4B11EE4BC6E006B6CD8 /* PicturesCollectionViewCell.swift in Sources */ = {isa = PBXBuildFile; fileRef = 9C54A4B01EE4BC6E006B6CD8 /* PicturesCollectionViewCell.swift */; };
		9C5EA8EE1EB599B000EE3DC0 /* Photo+CoreDataClass.swift in Sources */ = {isa = PBXBuildFile; fileRef = 9C5EA8EA1EB599B000EE3DC0 /* Photo+CoreDataClass.swift */; };
		9C5EA8EF1EB599B000EE3DC0 /* Photo+CoreDataProperties.swift in Sources */ = {isa = PBXBuildFile; fileRef = 9C5EA8EB1EB599B000EE3DC0 /* Photo+CoreDataProperties.swift */; };
		9C5EA8F01EB599B000EE3DC0 /* VacationLocation+CoreDataClass.swift in Sources */ = {isa = PBXBuildFile; fileRef = 9C5EA8EC1EB599B000EE3DC0 /* VacationLocation+CoreDataClass.swift */; };
		9C5EA8F11EB599B000EE3DC0 /* VacationLocation+CoreDataProperties.swift in Sources */ = {isa = PBXBuildFile; fileRef = 9C5EA8ED1EB599B000EE3DC0 /* VacationLocation+CoreDataProperties.swift */; };
		9C5EA8F61EB5BF9800EE3DC0 /* Image+CoreDataClass.swift in Sources */ = {isa = PBXBuildFile; fileRef = 9C5EA8F21EB5BF9800EE3DC0 /* Image+CoreDataClass.swift */; };
		9C5EA8F71EB5BF9800EE3DC0 /* Image+CoreDataProperties.swift in Sources */ = {isa = PBXBuildFile; fileRef = 9C5EA8F31EB5BF9800EE3DC0 /* Image+CoreDataProperties.swift */; };
		9C964BEB1EB5931500A0C775 /* AppDelegate.swift in Sources */ = {isa = PBXBuildFile; fileRef = 9C964BEA1EB5931500A0C775 /* AppDelegate.swift */; };
		9C964BED1EB5931500A0C775 /* MapViewController.swift in Sources */ = {isa = PBXBuildFile; fileRef = 9C964BEC1EB5931500A0C775 /* MapViewController.swift */; };
		9C964BF01EB5931500A0C775 /* Main.storyboard in Resources */ = {isa = PBXBuildFile; fileRef = 9C964BEE1EB5931500A0C775 /* Main.storyboard */; };
		9C964BF31EB5931500A0C775 /* VirtualVacation.xcdatamodeld in Sources */ = {isa = PBXBuildFile; fileRef = 9C964BF11EB5931500A0C775 /* VirtualVacation.xcdatamodeld */; };
		9C964BF51EB5931500A0C775 /* Assets.xcassets in Resources */ = {isa = PBXBuildFile; fileRef = 9C964BF41EB5931500A0C775 /* Assets.xcassets */; };
		9C964BF81EB5931500A0C775 /* LaunchScreen.storyboard in Resources */ = {isa = PBXBuildFile; fileRef = 9C964BF61EB5931500A0C775 /* LaunchScreen.storyboard */; };
		9C9C64F21EDE59A7000368A0 /* CoreDataStack.swift in Sources */ = {isa = PBXBuildFile; fileRef = 9C9C64F11EDE59A7000368A0 /* CoreDataStack.swift */; };
		9CED2EF51EDFB27100851DD1 /* FlickrClient.swift in Sources */ = {isa = PBXBuildFile; fileRef = 9CED2EF41EDFB27100851DD1 /* FlickrClient.swift */; };
		9CED2EF71EDFB76500851DD1 /* Constants.swift in Sources */ = {isa = PBXBuildFile; fileRef = 9CED2EF61EDFB76500851DD1 /* Constants.swift */; };
		9CF15AD21EE1286500907176 /* FlickrConvenience.swift in Sources */ = {isa = PBXBuildFile; fileRef = 9CF15AD11EE1286500907176 /* FlickrConvenience.swift */; };
/* End PBXBuildFile section */

/* Begin PBXFileReference section */
		9C20C6B31EE8F62B009E318A /* CoreDataCollectionViewController.swift */ = {isa = PBXFileReference; fileEncoding = 4; lastKnownFileType = sourcecode.swift; path = CoreDataCollectionViewController.swift; sourceTree = "<group>"; };
		9C54A4AE1EE4BC30006B6CD8 /* PicturesCollectionViewController.swift */ = {isa = PBXFileReference; fileEncoding = 4; lastKnownFileType = sourcecode.swift; path = PicturesCollectionViewController.swift; sourceTree = "<group>"; };
		9C54A4B01EE4BC6E006B6CD8 /* PicturesCollectionViewCell.swift */ = {isa = PBXFileReference; fileEncoding = 4; lastKnownFileType = sourcecode.swift; path = PicturesCollectionViewCell.swift; sourceTree = "<group>"; };
		9C5EA8EA1EB599B000EE3DC0 /* Photo+CoreDataClass.swift */ = {isa = PBXFileReference; fileEncoding = 4; lastKnownFileType = sourcecode.swift; name = "Photo+CoreDataClass.swift"; path = "../Photo+CoreDataClass.swift"; sourceTree = "<group>"; };
		9C5EA8EB1EB599B000EE3DC0 /* Photo+CoreDataProperties.swift */ = {isa = PBXFileReference; fileEncoding = 4; lastKnownFileType = sourcecode.swift; name = "Photo+CoreDataProperties.swift"; path = "../Photo+CoreDataProperties.swift"; sourceTree = "<group>"; };
		9C5EA8EC1EB599B000EE3DC0 /* VacationLocation+CoreDataClass.swift */ = {isa = PBXFileReference; fileEncoding = 4; lastKnownFileType = sourcecode.swift; name = "VacationLocation+CoreDataClass.swift"; path = "../VacationLocation+CoreDataClass.swift"; sourceTree = "<group>"; };
		9C5EA8ED1EB599B000EE3DC0 /* VacationLocation+CoreDataProperties.swift */ = {isa = PBXFileReference; fileEncoding = 4; lastKnownFileType = sourcecode.swift; name = "VacationLocation+CoreDataProperties.swift"; path = "../VacationLocation+CoreDataProperties.swift"; sourceTree = "<group>"; };
		9C5EA8F21EB5BF9800EE3DC0 /* Image+CoreDataClass.swift */ = {isa = PBXFileReference; fileEncoding = 4; lastKnownFileType = sourcecode.swift; name = "Image+CoreDataClass.swift"; path = "../Image+CoreDataClass.swift"; sourceTree = "<group>"; };
		9C5EA8F31EB5BF9800EE3DC0 /* Image+CoreDataProperties.swift */ = {isa = PBXFileReference; fileEncoding = 4; lastKnownFileType = sourcecode.swift; name = "Image+CoreDataProperties.swift"; path = "../Image+CoreDataProperties.swift"; sourceTree = "<group>"; };
		9C964BE71EB5931500A0C775 /* VirtualVacation.app */ = {isa = PBXFileReference; explicitFileType = wrapper.application; includeInIndex = 0; path = VirtualVacation.app; sourceTree = BUILT_PRODUCTS_DIR; };
		9C964BEA1EB5931500A0C775 /* AppDelegate.swift */ = {isa = PBXFileReference; lastKnownFileType = sourcecode.swift; path = AppDelegate.swift; sourceTree = "<group>"; };
		9C964BEC1EB5931500A0C775 /* MapViewController.swift */ = {isa = PBXFileReference; lastKnownFileType = sourcecode.swift; path = MapViewController.swift; sourceTree = "<group>"; };
		9C964BEF1EB5931500A0C775 /* Base */ = {isa = PBXFileReference; lastKnownFileType = file.storyboard; name = Base; path = Base.lproj/Main.storyboard; sourceTree = "<group>"; };
		9C964BF21EB5931500A0C775 /* VirtualVacation.xcdatamodel */ = {isa = PBXFileReference; lastKnownFileType = wrapper.xcdatamodel; path = VirtualVacation.xcdatamodel; sourceTree = "<group>"; };
		9C964BF41EB5931500A0C775 /* Assets.xcassets */ = {isa = PBXFileReference; lastKnownFileType = folder.assetcatalog; path = Assets.xcassets; sourceTree = "<group>"; };
		9C964BF71EB5931500A0C775 /* Base */ = {isa = PBXFileReference; lastKnownFileType = file.storyboard; name = Base; path = Base.lproj/LaunchScreen.storyboard; sourceTree = "<group>"; };
		9C964BF91EB5931500A0C775 /* Info.plist */ = {isa = PBXFileReference; lastKnownFileType = text.plist.xml; path = Info.plist; sourceTree = "<group>"; };
		9C9C64F11EDE59A7000368A0 /* CoreDataStack.swift */ = {isa = PBXFileReference; fileEncoding = 4; lastKnownFileType = sourcecode.swift; path = CoreDataStack.swift; sourceTree = "<group>"; };
		9CED2EF41EDFB27100851DD1 /* FlickrClient.swift */ = {isa = PBXFileReference; fileEncoding = 4; lastKnownFileType = sourcecode.swift; path = FlickrClient.swift; sourceTree = "<group>"; };
		9CED2EF61EDFB76500851DD1 /* Constants.swift */ = {isa = PBXFileReference; fileEncoding = 4; lastKnownFileType = sourcecode.swift; path = Constants.swift; sourceTree = "<group>"; };
		9CF15AD11EE1286500907176 /* FlickrConvenience.swift */ = {isa = PBXFileReference; fileEncoding = 4; lastKnownFileType = sourcecode.swift; path = FlickrConvenience.swift; sourceTree = "<group>"; };
/* End PBXFileReference section */

/* Begin PBXFrameworksBuildPhase section */
		9C964BE41EB5931500A0C775 /* Frameworks */ = {
			isa = PBXFrameworksBuildPhase;
			buildActionMask = 2147483647;
			files = (
			);
			runOnlyForDeploymentPostprocessing = 0;
		};
/* End PBXFrameworksBuildPhase section */

/* Begin PBXGroup section */
		9C40053C1EE48E9B004F3F90 /* CoreData */ = {
			isa = PBXGroup;
			children = (
				9C964BF11EB5931500A0C775 /* VirtualVacation.xcdatamodeld */,
				9C5EA8EA1EB599B000EE3DC0 /* Photo+CoreDataClass.swift */,
				9C5EA8EB1EB599B000EE3DC0 /* Photo+CoreDataProperties.swift */,
				9C5EA8F21EB5BF9800EE3DC0 /* Image+CoreDataClass.swift */,
				9C5EA8F31EB5BF9800EE3DC0 /* Image+CoreDataProperties.swift */,
				9C5EA8EC1EB599B000EE3DC0 /* VacationLocation+CoreDataClass.swift */,
				9C5EA8ED1EB599B000EE3DC0 /* VacationLocation+CoreDataProperties.swift */,
			);
			name = CoreData;
			sourceTree = "<group>";
		};
		9C964BDE1EB5931500A0C775 = {
			isa = PBXGroup;
			children = (
				9C964BE91EB5931500A0C775 /* VirtualVacation */,
				9C964BE81EB5931500A0C775 /* Products */,
			);
			sourceTree = "<group>";
		};
		9C964BE81EB5931500A0C775 /* Products */ = {
			isa = PBXGroup;
			children = (
				9C964BE71EB5931500A0C775 /* VirtualVacation.app */,
			);
			name = Products;
			sourceTree = "<group>";
		};
		9C964BE91EB5931500A0C775 /* VirtualVacation */ = {
			isa = PBXGroup;
			children = (
				9C964BEA1EB5931500A0C775 /* AppDelegate.swift */,
				9C964C001EB597DF00A0C775 /* Controller */,
				9C964C011EB597F600A0C775 /* Model */,
				9C964BFF1EB597C500A0C775 /* Assets */,
			);
			path = VirtualVacation;
			sourceTree = "<group>";
		};
		9C964BFF1EB597C500A0C775 /* Assets */ = {
			isa = PBXGroup;
			children = (
				9C964BF91EB5931500A0C775 /* Info.plist */,
				9C964BEE1EB5931500A0C775 /* Main.storyboard */,
				9C964BF41EB5931500A0C775 /* Assets.xcassets */,
				9C964BF61EB5931500A0C775 /* LaunchScreen.storyboard */,
			);
			name = Assets;
			sourceTree = "<group>";
		};
		9C964C001EB597DF00A0C775 /* Controller */ = {
			isa = PBXGroup;
			children = (
				9C964BEC1EB5931500A0C775 /* MapViewController.swift */,
				9C54A4AE1EE4BC30006B6CD8 /* PicturesCollectionViewController.swift */,
				9C54A4B01EE4BC6E006B6CD8 /* PicturesCollectionViewCell.swift */,
			);
			name = Controller;
			sourceTree = "<group>";
		};
		9C964C011EB597F600A0C775 /* Model */ = {
			isa = PBXGroup;
			children = (
				9C40053C1EE48E9B004F3F90 /* CoreData */,
				9CED2EF61EDFB76500851DD1 /* Constants.swift */,
				9CF15AD11EE1286500907176 /* FlickrConvenience.swift */,
				9CED2EF41EDFB27100851DD1 /* FlickrClient.swift */,
				9C9C64F11EDE59A7000368A0 /* CoreDataStack.swift */,
				9C20C6B31EE8F62B009E318A /* CoreDataCollectionViewController.swift */,
			);
			name = Model;
			sourceTree = "<group>";
		};
/* End PBXGroup section */

/* Begin PBXNativeTarget section */
		9C964BE61EB5931500A0C775 /* VirtualVacation */ = {
			isa = PBXNativeTarget;
			buildConfigurationList = 9C964BFC1EB5931500A0C775 /* Build configuration list for PBXNativeTarget "VirtualVacation" */;
			buildPhases = (
				9C964BE31EB5931500A0C775 /* Sources */,
				9C964BE41EB5931500A0C775 /* Frameworks */,
				9C964BE51EB5931500A0C775 /* Resources */,
			);
			buildRules = (
			);
			dependencies = (
			);
			name = VirtualVacation;
			productName = VirtualVacation;
			productReference = 9C964BE71EB5931500A0C775 /* VirtualVacation.app */;
			productType = "com.apple.product-type.application";
		};
/* End PBXNativeTarget section */

/* Begin PBXProject section */
		9C964BDF1EB5931500A0C775 /* Project object */ = {
			isa = PBXProject;
			attributes = {
				LastSwiftUpdateCheck = 0830;
				LastUpgradeCheck = 0830;
				ORGANIZATIONNAME = "Kirill Kudymov";
				TargetAttributes = {
					9C964BE61EB5931500A0C775 = {
						CreatedOnToolsVersion = 8.3.2;
						DevelopmentTeam = 85R75EY8F6;
						ProvisioningStyle = Automatic;
					};
				};
			};
			buildConfigurationList = 9C964BE21EB5931500A0C775 /* Build configuration list for PBXProject "VirtualVacation" */;
			compatibilityVersion = "Xcode 3.2";
			developmentRegion = English;
			hasScannedForEncodings = 0;
			knownRegions = (
				en,
				Base,
			);
			mainGroup = 9C964BDE1EB5931500A0C775;
			productRefGroup = 9C964BE81EB5931500A0C775 /* Products */;
			projectDirPath = "";
			projectRoot = "";
			targets = (
				9C964BE61EB5931500A0C775 /* VirtualVacation */,
			);
		};
/* End PBXProject section */

/* Begin PBXResourcesBuildPhase section */
		9C964BE51EB5931500A0C775 /* Resources */ = {
			isa = PBXResourcesBuildPhase;
			buildActionMask = 2147483647;
			files = (
				9C964BF81EB5931500A0C775 /* LaunchScreen.storyboard in Resources */,
				9C964BF51EB5931500A0C775 /* Assets.xcassets in Resources */,
				9C964BF01EB5931500A0C775 /* Main.storyboard in Resources */,
			);
			runOnlyForDeploymentPostprocessing = 0;
		};
/* End PBXResourcesBuildPhase section */

/* Begin PBXSourcesBuildPhase section */
		9C964BE31EB5931500A0C775 /* Sources */ = {
			isa = PBXSourcesBuildPhase;
			buildActionMask = 2147483647;
			files = (
				9CF15AD21EE1286500907176 /* FlickrConvenience.swift in Sources */,
				9C54A4B11EE4BC6E006B6CD8 /* PicturesCollectionViewCell.swift in Sources */,
				9C5EA8F71EB5BF9800EE3DC0 /* Image+CoreDataProperties.swift in Sources */,
				9C964BED1EB5931500A0C775 /* MapViewController.swift in Sources */,
				9C964BEB1EB5931500A0C775 /* AppDelegate.swift in Sources */,
				9C5EA8EE1EB599B000EE3DC0 /* Photo+CoreDataClass.swift in Sources */,
				9C5EA8F61EB5BF9800EE3DC0 /* Image+CoreDataClass.swift in Sources */,
				9C9C64F21EDE59A7000368A0 /* CoreDataStack.swift in Sources */,
				9CED2EF71EDFB76500851DD1 /* Constants.swift in Sources */,
				9C5EA8F01EB599B000EE3DC0 /* VacationLocation+CoreDataClass.swift in Sources */,
				9C54A4AF1EE4BC30006B6CD8 /* PicturesCollectionViewController.swift in Sources */,
				9C20C6B41EE8F62B009E318A /* CoreDataCollectionViewController.swift in Sources */,
				9C5EA8EF1EB599B000EE3DC0 /* Photo+CoreDataProperties.swift in Sources */,
				9C5EA8F11EB599B000EE3DC0 /* VacationLocation+CoreDataProperties.swift in Sources */,
				9C964BF31EB5931500A0C775 /* VirtualVacation.xcdatamodeld in Sources */,
				9CED2EF51EDFB27100851DD1 /* FlickrClient.swift in Sources */,
			);
			runOnlyForDeploymentPostprocessing = 0;
		};
/* End PBXSourcesBuildPhase section */

/* Begin PBXVariantGroup section */
		9C964BEE1EB5931500A0C775 /* Main.storyboard */ = {
			isa = PBXVariantGroup;
			children = (
				9C964BEF1EB5931500A0C775 /* Base */,
			);
			name = Main.storyboard;
			sourceTree = "<group>";
		};
		9C964BF61EB5931500A0C775 /* LaunchScreen.storyboard */ = {
			isa = PBXVariantGroup;
			children = (
				9C964BF71EB5931500A0C775 /* Base */,
			);
			name = LaunchScreen.storyboard;
			sourceTree = "<group>";
		};
/* End PBXVariantGroup section */

/* Begin XCBuildConfiguration section */
		9C964BFA1EB5931500A0C775 /* Debug */ = {
			isa = XCBuildConfiguration;
			buildSettings = {
				ALWAYS_SEARCH_USER_PATHS = NO;
				CLANG_ANALYZER_NONNULL = YES;
				CLANG_ANALYZER_NUMBER_OBJECT_CONVERSION = YES_AGGRESSIVE;
				CLANG_CXX_LANGUAGE_STANDARD = "gnu++0x";
				CLANG_CXX_LIBRARY = "libc++";
				CLANG_ENABLE_MODULES = YES;
				CLANG_ENABLE_OBJC_ARC = YES;
				CLANG_WARN_BOOL_CONVERSION = YES;
				CLANG_WARN_CONSTANT_CONVERSION = YES;
				CLANG_WARN_DIRECT_OBJC_ISA_USAGE = YES_ERROR;
				CLANG_WARN_DOCUMENTATION_COMMENTS = YES;
				CLANG_WARN_EMPTY_BODY = YES;
				CLANG_WARN_ENUM_CONVERSION = YES;
				CLANG_WARN_INFINITE_RECURSION = YES;
				CLANG_WARN_INT_CONVERSION = YES;
				CLANG_WARN_OBJC_ROOT_CLASS = YES_ERROR;
				CLANG_WARN_SUSPICIOUS_MOVE = YES;
				CLANG_WARN_UNREACHABLE_CODE = YES;
				CLANG_WARN__DUPLICATE_METHOD_MATCH = YES;
				"CODE_SIGN_IDENTITY[sdk=iphoneos*]" = "iPhone Developer";
				COPY_PHASE_STRIP = NO;
				DEBUG_INFORMATION_FORMAT = dwarf;
				ENABLE_STRICT_OBJC_MSGSEND = YES;
				ENABLE_TESTABILITY = YES;
				GCC_C_LANGUAGE_STANDARD = gnu99;
				GCC_DYNAMIC_NO_PIC = NO;
				GCC_NO_COMMON_BLOCKS = YES;
				GCC_OPTIMIZATION_LEVEL = 0;
				GCC_PREPROCESSOR_DEFINITIONS = (
					"DEBUG=1",
					"$(inherited)",
				);
				GCC_WARN_64_TO_32_BIT_CONVERSION = YES;
				GCC_WARN_ABOUT_RETURN_TYPE = YES_ERROR;
				GCC_WARN_UNDECLARED_SELECTOR = YES;
				GCC_WARN_UNINITIALIZED_AUTOS = YES_AGGRESSIVE;
				GCC_WARN_UNUSED_FUNCTION = YES;
				GCC_WARN_UNUSED_VARIABLE = YES;
				IPHONEOS_DEPLOYMENT_TARGET = 10.3;
				MTL_ENABLE_DEBUG_INFO = YES;
				ONLY_ACTIVE_ARCH = YES;
				SDKROOT = iphoneos;
				SWIFT_ACTIVE_COMPILATION_CONDITIONS = DEBUG;
				SWIFT_OPTIMIZATION_LEVEL = "-Onone";
				TARGETED_DEVICE_FAMILY = "1,2";
			};
			name = Debug;
		};
		9C964BFB1EB5931500A0C775 /* Release */ = {
			isa = XCBuildConfiguration;
			buildSettings = {
				ALWAYS_SEARCH_USER_PATHS = NO;
				CLANG_ANALYZER_NONNULL = YES;
				CLANG_ANALYZER_NUMBER_OBJECT_CONVERSION = YES_AGGRESSIVE;
				CLANG_CXX_LANGUAGE_STANDARD = "gnu++0x";
				CLANG_CXX_LIBRARY = "libc++";
				CLANG_ENABLE_MODULES = YES;
				CLANG_ENABLE_OBJC_ARC = YES;
				CLANG_WARN_BOOL_CONVERSION = YES;
				CLANG_WARN_CONSTANT_CONVERSION = YES;
				CLANG_WARN_DIRECT_OBJC_ISA_USAGE = YES_ERROR;
				CLANG_WARN_DOCUMENTATION_COMMENTS = YES;
				CLANG_WARN_EMPTY_BODY = YES;
				CLANG_WARN_ENUM_CONVERSION = YES;
				CLANG_WARN_INFINITE_RECURSION = YES;
				CLANG_WARN_INT_CONVERSION = YES;
				CLANG_WARN_OBJC_ROOT_CLASS = YES_ERROR;
				CLANG_WARN_SUSPICIOUS_MOVE = YES;
				CLANG_WARN_UNREACHABLE_CODE = YES;
				CLANG_WARN__DUPLICATE_METHOD_MATCH = YES;
				"CODE_SIGN_IDENTITY[sdk=iphoneos*]" = "iPhone Developer";
				COPY_PHASE_STRIP = NO;
				DEBUG_INFORMATION_FORMAT = "dwarf-with-dsym";
				ENABLE_NS_ASSERTIONS = NO;
				ENABLE_STRICT_OBJC_MSGSEND = YES;
				GCC_C_LANGUAGE_STANDARD = gnu99;
				GCC_NO_COMMON_BLOCKS = YES;
				GCC_WARN_64_TO_32_BIT_CONVERSION = YES;
				GCC_WARN_ABOUT_RETURN_TYPE = YES_ERROR;
				GCC_WARN_UNDECLARED_SELECTOR = YES;
				GCC_WARN_UNINITIALIZED_AUTOS = YES_AGGRESSIVE;
				GCC_WARN_UNUSED_FUNCTION = YES;
				GCC_WARN_UNUSED_VARIABLE = YES;
				IPHONEOS_DEPLOYMENT_TARGET = 10.3;
				MTL_ENABLE_DEBUG_INFO = NO;
				SDKROOT = iphoneos;
				SWIFT_OPTIMIZATION_LEVEL = "-Owholemodule";
				TARGETED_DEVICE_FAMILY = "1,2";
				VALIDATE_PRODUCT = YES;
			};
			name = Release;
		};
		9C964BFD1EB5931500A0C775 /* Debug */ = {
			isa = XCBuildConfiguration;
			buildSettings = {
				ASSETCATALOG_COMPILER_APPICON_NAME = AppIcon;
				DEVELOPMENT_TEAM = 85R75EY8F6;
				INFOPLIST_FILE = VirtualVacation/Info.plist;
				LD_RUNPATH_SEARCH_PATHS = "$(inherited) @executable_path/Frameworks";
				PRODUCT_BUNDLE_IDENTIFIER = ca.twokey.VirtualVacation;
				PRODUCT_NAME = "$(TARGET_NAME)";
				SWIFT_VERSION = 3.0;
			};
			name = Debug;
		};
		9C964BFE1EB5931500A0C775 /* Release */ = {
			isa = XCBuildConfiguration;
			buildSettings = {
				ASSETCATALOG_COMPILER_APPICON_NAME = AppIcon;
				DEVELOPMENT_TEAM = 85R75EY8F6;
				INFOPLIST_FILE = VirtualVacation/Info.plist;
				LD_RUNPATH_SEARCH_PATHS = "$(inherited) @executable_path/Frameworks";
				PRODUCT_BUNDLE_IDENTIFIER = ca.twokey.VirtualVacation;
				PRODUCT_NAME = "$(TARGET_NAME)";
				SWIFT_VERSION = 3.0;
			};
			name = Release;
		};
/* End XCBuildConfiguration section */

/* Begin XCConfigurationList section */
		9C964BE21EB5931500A0C775 /* Build configuration list for PBXProject "VirtualVacation" */ = {
			isa = XCConfigurationList;
			buildConfigurations = (
				9C964BFA1EB5931500A0C775 /* Debug */,
				9C964BFB1EB5931500A0C775 /* Release */,
			);
			defaultConfigurationIsVisible = 0;
			defaultConfigurationName = Release;
		};
		9C964BFC1EB5931500A0C775 /* Build configuration list for PBXNativeTarget "VirtualVacation" */ = {
			isa = XCConfigurationList;
			buildConfigurations = (
				9C964BFD1EB5931500A0C775 /* Debug */,
				9C964BFE1EB5931500A0C775 /* Release */,
			);
			defaultConfigurationIsVisible = 0;
			defaultConfigurationName = Release;
		};
/* End XCConfigurationList section */

/* Begin XCVersionGroup section */
		9C964BF11EB5931500A0C775 /* VirtualVacation.xcdatamodeld */ = {
			isa = XCVersionGroup;
			children = (
				9C964BF21EB5931500A0C775 /* VirtualVacation.xcdatamodel */,
			);
			currentVersion = 9C964BF21EB5931500A0C775 /* VirtualVacation.xcdatamodel */;
			path = VirtualVacation.xcdatamodeld;
			sourceTree = "<group>";
			versionGroupType = wrapper.xcdatamodel;
		};
/* End XCVersionGroup section */
	};
	rootObject = 9C964BDF1EB5931500A0C775 /* Project object */;
}
